
Microsoft Visual Studio Solution File, Format Version 12.00
# Visual Studio 15
VisualStudioVersion = 15.0.27703.2035
MinimumVisualStudioVersion = 10.0.40219.1
Project("{888888A0-9F3D-457C-B088-3A5042F75D52}") = "EPCC", "EPCC.pyproj", "{D5311D2D-3F7A-4026-A6C9-9F596CC69D7A}"
EndProject
Global
	GlobalSection(SolutionConfigurationPlatforms) = preSolution
		Debug|Any CPU = Debug|Any CPU
		Release|Any CPU = Release|Any CPU
	EndGlobalSection
	GlobalSection(ProjectConfigurationPlatforms) = postSolution
		{D5311D2D-3F7A-4026-A6C9-9F596CC69D7A}.Debug|Any CPU.ActiveCfg = Debug|Any CPU
		{D5311D2D-3F7A-4026-A6C9-9F596CC69D7A}.Release|Any CPU.ActiveCfg = Release|Any CPU
	EndGlobalSection
	GlobalSection(SolutionProperties) = preSolution
		HideSolutionNode = FALSE
	EndGlobalSection
	GlobalSection(ExtensibilityGlobals) = postSolution
		SolutionGuid = {D506273F-A164-4EB3-BC5F-63B67266EFEA}
	EndGlobalSection
EndGlobal
