
Microsoft Visual Studio Solution File, Format Version 12.00
# Visual Studio 15
VisualStudioVersion = 15.0.27703.2035
MinimumVisualStudioVersion = 10.0.40219.1
Project("{888888A0-9F3D-457C-B088-3A5042F75D52}") = "CHKNN", "CHKNN\CHKNN.pyproj", "{8DF8DF48-A92F-4D09-8100-FB196545A1AB}"
EndProject
Global
	GlobalSection(SolutionConfigurationPlatforms) = preSolution
		Debug|Any CPU = Debug|Any CPU
		Release|Any CPU = Release|Any CPU
	EndGlobalSection
	GlobalSection(ProjectConfigurationPlatforms) = postSolution
		{8DF8DF48-A92F-4D09-8100-FB196545A1AB}.Debug|Any CPU.ActiveCfg = Debug|Any CPU
		{8DF8DF48-A92F-4D09-8100-FB196545A1AB}.Release|Any CPU.ActiveCfg = Release|Any CPU
	EndGlobalSection
	GlobalSection(SolutionProperties) = preSolution
		HideSolutionNode = FALSE
	EndGlobalSection
	GlobalSection(ExtensibilityGlobals) = postSolution
		SolutionGuid = {991D2041-D234-47C9-99F8-EA2057073D17}
	EndGlobalSection
EndGlobal
